
Microsoft Visual Studio Solution File, Format Version 12.00
# Visual Studio 15
VisualStudioVersion = 15.0.26228.9
MinimumVisualStudioVersion = 10.0.40219.1
Project("{8BC9CEB8-8B4A-11D0-8D11-00A0C91BC942}") = "graphics_lib", "graphics_lib\graphics_lib.vcxproj", "{7154BE23-6AF7-4008-A0A1-22882D2C032A}"
EndProject
Project("{8BC9CEB8-8B4A-11D0-8D11-00A0C91BC942}") = "TestGameWin32", "TestGameWin32\TestGameWin32.vcxproj", "{10963D56-261E-4915-B949-432DDD35EA01}"
	ProjectSection(ProjectDependencies) = postProject
		{7154BE23-6AF7-4008-A0A1-22882D2C032A} = {7154BE23-6AF7-4008-A0A1-22882D2C032A}
	EndProjectSection
EndProject
Global
	GlobalSection(SolutionConfigurationPlatforms) = preSolution
		Debug|x64 = Debug|x64
		Debug|x86 = Debug|x86
		Release|x64 = Release|x64
		Release|x86 = Release|x86
	EndGlobalSection
	GlobalSection(ProjectConfigurationPlatforms) = postSolution
		{7154BE23-6AF7-4008-A0A1-22882D2C032A}.Debug|x64.ActiveCfg = Debug|x64
		{7154BE23-6AF7-4008-A0A1-22882D2C032A}.Debug|x64.Build.0 = Debug|x64
		{7154BE23-6AF7-4008-A0A1-22882D2C032A}.Debug|x86.ActiveCfg = Debug|Win32
		{7154BE23-6AF7-4008-A0A1-22882D2C032A}.Debug|x86.Build.0 = Debug|Win32
		{7154BE23-6AF7-4008-A0A1-22882D2C032A}.Release|x64.ActiveCfg = Release|x64
		{7154BE23-6AF7-4008-A0A1-22882D2C032A}.Release|x64.Build.0 = Release|x64
		{7154BE23-6AF7-4008-A0A1-22882D2C032A}.Release|x86.ActiveCfg = Release|Win32
		{7154BE23-6AF7-4008-A0A1-22882D2C032A}.Release|x86.Build.0 = Release|Win32
		{10963D56-261E-4915-B949-432DDD35EA01}.Debug|x64.ActiveCfg = Debug|x64
		{10963D56-261E-4915-B949-432DDD35EA01}.Debug|x64.Build.0 = Debug|x64
		{10963D56-261E-4915-B949-432DDD35EA01}.Debug|x86.ActiveCfg = Debug|Win32
		{10963D56-261E-4915-B949-432DDD35EA01}.Debug|x86.Build.0 = Debug|Win32
		{10963D56-261E-4915-B949-432DDD35EA01}.Release|x64.ActiveCfg = Release|x64
		{10963D56-261E-4915-B949-432DDD35EA01}.Release|x64.Build.0 = Release|x64
		{10963D56-261E-4915-B949-432DDD35EA01}.Release|x86.ActiveCfg = Release|Win32
		{10963D56-261E-4915-B949-432DDD35EA01}.Release|x86.Build.0 = Release|Win32
	EndGlobalSection
	GlobalSection(SolutionProperties) = preSolution
		HideSolutionNode = FALSE
	EndGlobalSection
EndGlobal
